{
  "name": "woori-transaction",
  "version": "0.1.0",
  "lockfileVersion": 1,
  "requires": true,
  "dependencies": {
    "jpeg-js": {
      "version": "0.2.0",
      "resolved": "https://registry.npmjs.org/jpeg-js/-/jpeg-js-0.2.0.tgz",
      "integrity": "sha1-U+RI7J0mPmgyZkZ+lELSxaLvVII="
    },
    "node-resemble-js": {
      "version": "0.2.0",
      "resolved": "https://registry.npmjs.org/node-resemble-js/-/node-resemble-js-0.2.0.tgz",
      "integrity": "sha1-ijbGZ4ph5dhFX+xYAJsbAnGxkJo=",
      "requires": {
        "jpeg-js": "0.2.0",
        "pngjs": "2.2.0"
      }
    },
    "png-crop": {
      "version": "0.0.2",
      "resolved": "https://registry.npmjs.org/png-crop/-/png-crop-0.0.2.tgz",
      "integrity": "sha512-AEkJ7L51uh0Fw8SkOAwfsPrfTasVQw6gg/8LAPJK0Iu9gj9tchIyndpd8NG68rE0Ywd1U0PIeEVb9VCLviAfxQ==",
      "requires": {
        "pngjs": "3.3.3",
        "streamifier": "0.1.1"
      },
      "dependencies": {
        "pngjs": {
          "version": "3.3.3",
          "resolved": "https://registry.npmjs.org/pngjs/-/pngjs-3.3.3.tgz",
          "integrity": "sha512-1n3Z4p3IOxArEs1VRXnZ/RXdfEniAUS9jb68g58FIXMNkPJeZd+Qh4Uq7/e0LVxAQGos1eIUrqrt4FpjdnEd+Q=="
        }
      }
    },
    "pngjs": {
      "version": "2.2.0",
      "resolved": "https://registry.npmjs.org/pngjs/-/pngjs-2.2.0.tgz",
      "integrity": "sha1-ZJZjYJoOurh8jwiz/nJASLUdnX8="
    },
    "stream-to": {
      "version": "0.2.2",
      "resolved": "https://registry.npmjs.org/stream-to/-/stream-to-0.2.2.tgz",
      "integrity": "sha1-hDBgmNhf25kLn6MAsbPM9V6O8B0="
    },
    "stream-to-buffer": {
      "version": "0.1.0",
      "resolved": "https://registry.npmjs.org/stream-to-buffer/-/stream-to-buffer-0.1.0.tgz",
      "integrity": "sha1-JnmdkDqyAlyb1VCsRxcbAPjdgKk=",
      "requires": {
        "stream-to": "0.2.2"
      }
    },
    "streamifier": {
      "version": "0.1.1",
      "resolved": "https://registry.npmjs.org/streamifier/-/streamifier-0.1.1.tgz",
      "integrity": "sha1-l+mNj6TRBdYqJpHR3AfoINuN/E8="
    }
  }
}
